
Microsoft Visual Studio Solution File, Format Version 12.00
# Visual Studio Version 17
VisualStudioVersion = 17.8.34408.163
MinimumVisualStudioVersion = 10.0.40219.1
Project("{9A19103F-16F7-4668-BE54-9A1E7A4F7556}") = "Infrastructure", "Infrastructure\Infrastructure.csproj", "{33683757-B9D2-436C-A158-772513C5BC13}"
EndProject
Project("{9A19103F-16F7-4668-BE54-9A1E7A4F7556}") = "Presentation.ConsoleApp", "Presentation.ConsoleApp\Presentation.ConsoleApp.csproj", "{26179B47-6449-4D49-850C-C73A3CE0D817}"
EndProject
Project("{9A19103F-16F7-4668-BE54-9A1E7A4F7556}") = "Business", "Business\Business.csproj", "{B2B2C614-AF93-4A61-BAEE-DB9D09203332}"
EndProject
Project("{FAE04EC0-301F-11D3-BF4B-00C04F79EFBC}") = "Infrastructure.Tests", "Infrastructure.Tests\Infrastructure.Tests.csproj", "{F74048D3-4EE1-4D86-BC0A-8C5B6F3241BC}"
EndProject
Global
	GlobalSection(SolutionConfigurationPlatforms) = preSolution
		Debug|Any CPU = Debug|Any CPU
		Release|Any CPU = Release|Any CPU
	EndGlobalSection
	GlobalSection(ProjectConfigurationPlatforms) = postSolution
		{33683757-B9D2-436C-A158-772513C5BC13}.Debug|Any CPU.ActiveCfg = Debug|Any CPU
		{33683757-B9D2-436C-A158-772513C5BC13}.Debug|Any CPU.Build.0 = Debug|Any CPU
		{33683757-B9D2-436C-A158-772513C5BC13}.Release|Any CPU.ActiveCfg = Release|Any CPU
		{33683757-B9D2-436C-A158-772513C5BC13}.Release|Any CPU.Build.0 = Release|Any CPU
		{26179B47-6449-4D49-850C-C73A3CE0D817}.Debug|Any CPU.ActiveCfg = Debug|Any CPU
		{26179B47-6449-4D49-850C-C73A3CE0D817}.Debug|Any CPU.Build.0 = Debug|Any CPU
		{26179B47-6449-4D49-850C-C73A3CE0D817}.Release|Any CPU.ActiveCfg = Release|Any CPU
		{26179B47-6449-4D49-850C-C73A3CE0D817}.Release|Any CPU.Build.0 = Release|Any CPU
		{B2B2C614-AF93-4A61-BAEE-DB9D09203332}.Debug|Any CPU.ActiveCfg = Debug|Any CPU
		{B2B2C614-AF93-4A61-BAEE-DB9D09203332}.Debug|Any CPU.Build.0 = Debug|Any CPU
		{B2B2C614-AF93-4A61-BAEE-DB9D09203332}.Release|Any CPU.ActiveCfg = Release|Any CPU
		{B2B2C614-AF93-4A61-BAEE-DB9D09203332}.Release|Any CPU.Build.0 = Release|Any CPU
		{F74048D3-4EE1-4D86-BC0A-8C5B6F3241BC}.Debug|Any CPU.ActiveCfg = Debug|Any CPU
		{F74048D3-4EE1-4D86-BC0A-8C5B6F3241BC}.Debug|Any CPU.Build.0 = Debug|Any CPU
		{F74048D3-4EE1-4D86-BC0A-8C5B6F3241BC}.Release|Any CPU.ActiveCfg = Release|Any CPU
		{F74048D3-4EE1-4D86-BC0A-8C5B6F3241BC}.Release|Any CPU.Build.0 = Release|Any CPU
	EndGlobalSection
	GlobalSection(SolutionProperties) = preSolution
		HideSolutionNode = FALSE
	EndGlobalSection
	GlobalSection(ExtensibilityGlobals) = postSolution
		SolutionGuid = {B02C1393-1F10-4067-926A-94779CC732C2}
	EndGlobalSection
EndGlobal
